
Microsoft Visual Studio Solution File, Format Version 12.00
# Visual Studio Version 17
VisualStudioVersion = 17.8.34309.116
MinimumVisualStudioVersion = 10.0.40219.1
Project("{FAE04EC0-301F-11D3-BF4B-00C04F79EFBC}") = "DotNet8Test", "DotNet8Test\DotNet8Test.csproj", "{16F31885-A6E0-46A2-B542-917C5469DC9F}"
EndProject
Global
	GlobalSection(SolutionConfigurationPlatforms) = preSolution
		Debug|Any CPU = Debug|Any CPU
		Release|Any CPU = Release|Any CPU
	EndGlobalSection
	GlobalSection(ProjectConfigurationPlatforms) = postSolution
		{16F31885-A6E0-46A2-B542-917C5469DC9F}.Debug|Any CPU.ActiveCfg = Debug|Any CPU
		{16F31885-A6E0-46A2-B542-917C5469DC9F}.Debug|Any CPU.Build.0 = Debug|Any CPU
		{16F31885-A6E0-46A2-B542-917C5469DC9F}.Release|Any CPU.ActiveCfg = Release|Any CPU
		{16F31885-A6E0-46A2-B542-917C5469DC9F}.Release|Any CPU.Build.0 = Release|Any CPU
	EndGlobalSection
	GlobalSection(SolutionProperties) = preSolution
		HideSolutionNode = FALSE
	EndGlobalSection
	GlobalSection(ExtensibilityGlobals) = postSolution
		SolutionGuid = {19DBF2DF-7885-42DF-954E-0A65D2671361}
	EndGlobalSection
EndGlobal
