
Microsoft Visual Studio Solution File, Format Version 12.00
# Visual Studio Version 17
VisualStudioVersion = 17.8.34309.116
MinimumVisualStudioVersion = 10.0.40219.1
Project("{9A19103F-16F7-4668-BE54-9A1E7A4F7556}") = "PresentationLayer", "WorkingWithEFCore\PresentationLayer.csproj", "{86404632-7803-462C-B48B-A66118BE27D8}"
EndProject
Project("{9A19103F-16F7-4668-BE54-9A1E7A4F7556}") = "Domain", "Domain\Domain.csproj", "{941556E3-C675-44A7-91B9-0328A60C2314}"
EndProject
Project("{FAE04EC0-301F-11D3-BF4B-00C04F79EFBC}") = "DataAccess.EFCore", "DataAccess.EFCore\DataAccess.EFCore.csproj", "{49F80069-E0DF-4002-8EF6-F255660DB278}"
EndProject
Project("{FAE04EC0-301F-11D3-BF4B-00C04F79EFBC}") = "Repository", "Repository\Repository.csproj", "{49817932-1887-4DD3-ABEC-B089A867FE22}"
EndProject
Project("{FAE04EC0-301F-11D3-BF4B-00C04F79EFBC}") = "DependencyInjection", "DependencyInjection\DependencyInjection.csproj", "{6175AC02-26CD-43D7-91C3-C1A5A005D934}"
EndProject
Global
	GlobalSection(SolutionConfigurationPlatforms) = preSolution
		Debug|Any CPU = Debug|Any CPU
		Release|Any CPU = Release|Any CPU
	EndGlobalSection
	GlobalSection(ProjectConfigurationPlatforms) = postSolution
		{86404632-7803-462C-B48B-A66118BE27D8}.Debug|Any CPU.ActiveCfg = Debug|Any CPU
		{86404632-7803-462C-B48B-A66118BE27D8}.Debug|Any CPU.Build.0 = Debug|Any CPU
		{86404632-7803-462C-B48B-A66118BE27D8}.Release|Any CPU.ActiveCfg = Release|Any CPU
		{86404632-7803-462C-B48B-A66118BE27D8}.Release|Any CPU.Build.0 = Release|Any CPU
		{941556E3-C675-44A7-91B9-0328A60C2314}.Debug|Any CPU.ActiveCfg = Debug|Any CPU
		{941556E3-C675-44A7-91B9-0328A60C2314}.Debug|Any CPU.Build.0 = Debug|Any CPU
		{941556E3-C675-44A7-91B9-0328A60C2314}.Release|Any CPU.ActiveCfg = Release|Any CPU
		{941556E3-C675-44A7-91B9-0328A60C2314}.Release|Any CPU.Build.0 = Release|Any CPU
		{49F80069-E0DF-4002-8EF6-F255660DB278}.Debug|Any CPU.ActiveCfg = Debug|Any CPU
		{49F80069-E0DF-4002-8EF6-F255660DB278}.Debug|Any CPU.Build.0 = Debug|Any CPU
		{49F80069-E0DF-4002-8EF6-F255660DB278}.Release|Any CPU.ActiveCfg = Release|Any CPU
		{49F80069-E0DF-4002-8EF6-F255660DB278}.Release|Any CPU.Build.0 = Release|Any CPU
		{49817932-1887-4DD3-ABEC-B089A867FE22}.Debug|Any CPU.ActiveCfg = Debug|Any CPU
		{49817932-1887-4DD3-ABEC-B089A867FE22}.Debug|Any CPU.Build.0 = Debug|Any CPU
		{49817932-1887-4DD3-ABEC-B089A867FE22}.Release|Any CPU.ActiveCfg = Release|Any CPU
		{49817932-1887-4DD3-ABEC-B089A867FE22}.Release|Any CPU.Build.0 = Release|Any CPU
		{6175AC02-26CD-43D7-91C3-C1A5A005D934}.Debug|Any CPU.ActiveCfg = Debug|Any CPU
		{6175AC02-26CD-43D7-91C3-C1A5A005D934}.Debug|Any CPU.Build.0 = Debug|Any CPU
		{6175AC02-26CD-43D7-91C3-C1A5A005D934}.Release|Any CPU.ActiveCfg = Release|Any CPU
		{6175AC02-26CD-43D7-91C3-C1A5A005D934}.Release|Any CPU.Build.0 = Release|Any CPU
	EndGlobalSection
	GlobalSection(SolutionProperties) = preSolution
		HideSolutionNode = FALSE
	EndGlobalSection
	GlobalSection(ExtensibilityGlobals) = postSolution
		SolutionGuid = {7F752E59-24B1-4DC8-8AA4-A3BBB613816F}
	EndGlobalSection
EndGlobal
