
Microsoft Visual Studio Solution File, Format Version 12.00
# Visual Studio Version 17
VisualStudioVersion = 17.8.34309.116
MinimumVisualStudioVersion = 10.0.40219.1
Project("{9A19103F-16F7-4668-BE54-9A1E7A4F7556}") = "CSharp12Features", "CSharp12Features\CSharp12Features.csproj", "{7322F45A-38EC-45CB-B54B-CC0CB242965E}"
EndProject
Project("{9A19103F-16F7-4668-BE54-9A1E7A4F7556}") = "TraceTest", "TraceTest\TraceTest.csproj", "{8E75DA7C-C18A-4C40-A03A-48CBAAEBBAF3}"
EndProject
Project("{9A19103F-16F7-4668-BE54-9A1E7A4F7556}") = "ParameterTest", "ParameterTest\ParameterTest.csproj", "{187E6121-0C68-41E0-8337-8146F2DF9354}"
EndProject
Project("{FAE04EC0-301F-11D3-BF4B-00C04F79EFBC}") = "PolymorhismTest", "PolymorhismTest\PolymorhismTest.csproj", "{9491E355-0DBF-4ED4-B1CD-E47A56AAB060}"
EndProject
Project("{FAE04EC0-301F-11D3-BF4B-00C04F79EFBC}") = "TableTest", "TableTest\TableTest.csproj", "{E8D46FC8-FB2C-47D8-843E-70F88C755D6A}"
EndProject
Global
	GlobalSection(SolutionConfigurationPlatforms) = preSolution
		Debug|Any CPU = Debug|Any CPU
		Release|Any CPU = Release|Any CPU
	EndGlobalSection
	GlobalSection(ProjectConfigurationPlatforms) = postSolution
		{7322F45A-38EC-45CB-B54B-CC0CB242965E}.Debug|Any CPU.ActiveCfg = Debug|Any CPU
		{7322F45A-38EC-45CB-B54B-CC0CB242965E}.Debug|Any CPU.Build.0 = Debug|Any CPU
		{7322F45A-38EC-45CB-B54B-CC0CB242965E}.Release|Any CPU.ActiveCfg = Release|Any CPU
		{7322F45A-38EC-45CB-B54B-CC0CB242965E}.Release|Any CPU.Build.0 = Release|Any CPU
		{8E75DA7C-C18A-4C40-A03A-48CBAAEBBAF3}.Debug|Any CPU.ActiveCfg = Debug|Any CPU
		{8E75DA7C-C18A-4C40-A03A-48CBAAEBBAF3}.Debug|Any CPU.Build.0 = Debug|Any CPU
		{8E75DA7C-C18A-4C40-A03A-48CBAAEBBAF3}.Release|Any CPU.ActiveCfg = Release|Any CPU
		{8E75DA7C-C18A-4C40-A03A-48CBAAEBBAF3}.Release|Any CPU.Build.0 = Release|Any CPU
		{187E6121-0C68-41E0-8337-8146F2DF9354}.Debug|Any CPU.ActiveCfg = Debug|Any CPU
		{187E6121-0C68-41E0-8337-8146F2DF9354}.Debug|Any CPU.Build.0 = Debug|Any CPU
		{187E6121-0C68-41E0-8337-8146F2DF9354}.Release|Any CPU.ActiveCfg = Release|Any CPU
		{187E6121-0C68-41E0-8337-8146F2DF9354}.Release|Any CPU.Build.0 = Release|Any CPU
		{9491E355-0DBF-4ED4-B1CD-E47A56AAB060}.Debug|Any CPU.ActiveCfg = Debug|Any CPU
		{9491E355-0DBF-4ED4-B1CD-E47A56AAB060}.Debug|Any CPU.Build.0 = Debug|Any CPU
		{9491E355-0DBF-4ED4-B1CD-E47A56AAB060}.Release|Any CPU.ActiveCfg = Release|Any CPU
		{9491E355-0DBF-4ED4-B1CD-E47A56AAB060}.Release|Any CPU.Build.0 = Release|Any CPU
		{E8D46FC8-FB2C-47D8-843E-70F88C755D6A}.Debug|Any CPU.ActiveCfg = Debug|Any CPU
		{E8D46FC8-FB2C-47D8-843E-70F88C755D6A}.Debug|Any CPU.Build.0 = Debug|Any CPU
		{E8D46FC8-FB2C-47D8-843E-70F88C755D6A}.Release|Any CPU.ActiveCfg = Release|Any CPU
		{E8D46FC8-FB2C-47D8-843E-70F88C755D6A}.Release|Any CPU.Build.0 = Release|Any CPU
	EndGlobalSection
	GlobalSection(SolutionProperties) = preSolution
		HideSolutionNode = FALSE
	EndGlobalSection
	GlobalSection(ExtensibilityGlobals) = postSolution
		SolutionGuid = {2A470751-4BDE-4DF3-B5F0-C105C7D20353}
	EndGlobalSection
EndGlobal
