
Microsoft Visual Studio Solution File, Format Version 12.00
# Visual Studio Version 17
VisualStudioVersion = 17.8.34309.116
MinimumVisualStudioVersion = 10.0.40219.1
Project("{9A19103F-16F7-4668-BE54-9A1E7A4F7556}") = "Domain", "Domain\Domain.csproj", "{DE360E48-D027-4EDF-90B8-B8F0C424E66C}"
EndProject
Project("{9A19103F-16F7-4668-BE54-9A1E7A4F7556}") = "DataAccessLayer", "DataAccessLayer\DataAccessLayer.csproj", "{15E50589-CFCF-4D60-AD16-8D29B44E967A}"
EndProject
Project("{9A19103F-16F7-4668-BE54-9A1E7A4F7556}") = "Presentation", "Presentation\Presentation.csproj", "{7C094396-0C39-4331-B267-D42F3E0D1CB9}"
EndProject
Project("{FAE04EC0-301F-11D3-BF4B-00C04F79EFBC}") = "AdminPanel", "AdminPanel\AdminPanel.csproj", "{6F7F22B5-F1AF-4986-B3E5-D36ABB3B125D}"
EndProject
Global
	GlobalSection(SolutionConfigurationPlatforms) = preSolution
		Debug|Any CPU = Debug|Any CPU
		Release|Any CPU = Release|Any CPU
	EndGlobalSection
	GlobalSection(ProjectConfigurationPlatforms) = postSolution
		{DE360E48-D027-4EDF-90B8-B8F0C424E66C}.Debug|Any CPU.ActiveCfg = Debug|Any CPU
		{DE360E48-D027-4EDF-90B8-B8F0C424E66C}.Debug|Any CPU.Build.0 = Debug|Any CPU
		{DE360E48-D027-4EDF-90B8-B8F0C424E66C}.Release|Any CPU.ActiveCfg = Release|Any CPU
		{DE360E48-D027-4EDF-90B8-B8F0C424E66C}.Release|Any CPU.Build.0 = Release|Any CPU
		{15E50589-CFCF-4D60-AD16-8D29B44E967A}.Debug|Any CPU.ActiveCfg = Debug|Any CPU
		{15E50589-CFCF-4D60-AD16-8D29B44E967A}.Debug|Any CPU.Build.0 = Debug|Any CPU
		{15E50589-CFCF-4D60-AD16-8D29B44E967A}.Release|Any CPU.ActiveCfg = Release|Any CPU
		{15E50589-CFCF-4D60-AD16-8D29B44E967A}.Release|Any CPU.Build.0 = Release|Any CPU
		{7C094396-0C39-4331-B267-D42F3E0D1CB9}.Debug|Any CPU.ActiveCfg = Debug|Any CPU
		{7C094396-0C39-4331-B267-D42F3E0D1CB9}.Debug|Any CPU.Build.0 = Debug|Any CPU
		{7C094396-0C39-4331-B267-D42F3E0D1CB9}.Release|Any CPU.ActiveCfg = Release|Any CPU
		{7C094396-0C39-4331-B267-D42F3E0D1CB9}.Release|Any CPU.Build.0 = Release|Any CPU
		{6F7F22B5-F1AF-4986-B3E5-D36ABB3B125D}.Debug|Any CPU.ActiveCfg = Debug|Any CPU
		{6F7F22B5-F1AF-4986-B3E5-D36ABB3B125D}.Debug|Any CPU.Build.0 = Debug|Any CPU
		{6F7F22B5-F1AF-4986-B3E5-D36ABB3B125D}.Release|Any CPU.ActiveCfg = Release|Any CPU
		{6F7F22B5-F1AF-4986-B3E5-D36ABB3B125D}.Release|Any CPU.Build.0 = Release|Any CPU
	EndGlobalSection
	GlobalSection(SolutionProperties) = preSolution
		HideSolutionNode = FALSE
	EndGlobalSection
	GlobalSection(ExtensibilityGlobals) = postSolution
		SolutionGuid = {8240C4FE-DADA-45BD-AEC9-62573A7A814C}
	EndGlobalSection
EndGlobal
